// !$*UTF8*$!
{
	archiveVersion = 1;
	classes = {
	};
	objectVersion = 50;
	objects = {

/* Begin PBXBuildFile section */
		DD8482DB246D3CF600D379CF /* Cell.swift in Sources */ = {isa = PBXBuildFile; fileRef = DD8482DA246D3CF600D379CF /* Cell.swift */; };
		DDA76F15246D29BB00A0CCED /* AppDelegate.swift in Sources */ = {isa = PBXBuildFile; fileRef = DDA76F14246D29BB00A0CCED /* AppDelegate.swift */; };
		DDA76F17246D29BB00A0CCED /* SceneDelegate.swift in Sources */ = {isa = PBXBuildFile; fileRef = DDA76F16246D29BB00A0CCED /* SceneDelegate.swift */; };
		DDA76F19246D29BB00A0CCED /* ViewController.swift in Sources */ = {isa = PBXBuildFile; fileRef = DDA76F18246D29BB00A0CCED /* ViewController.swift */; };
		DDA76F1C246D29BB00A0CCED /* Main.storyboard in Resources */ = {isa = PBXBuildFile; fileRef = DDA76F1A246D29BB00A0CCED /* Main.storyboard */; };
		DDA76F1E246D29BC00A0CCED /* Assets.xcassets in Resources */ = {isa = PBXBuildFile; fileRef = DDA76F1D246D29BC00A0CCED /* Assets.xcassets */; };
		DDA76F21246D29BC00A0CCED /* LaunchScreen.storyboard in Resources */ = {isa = PBXBuildFile; fileRef = DDA76F1F246D29BC00A0CCED /* LaunchScreen.storyboard */; };
		DDA76F29246D2A0800A0CCED /* CollectionVC.swift in Sources */ = {isa = PBXBuildFile; fileRef = DDA76F28246D2A0800A0CCED /* CollectionVC.swift */; };
		DDA76F2C246D2BF400A0CCED /* CollectionViewCell.swift in Sources */ = {isa = PBXBuildFile; fileRef = DDA76F2A246D2BF400A0CCED /* CollectionViewCell.swift */; };
		DDA76F2D246D2BF400A0CCED /* CollectionViewCell.xib in Resources */ = {isa = PBXBuildFile; fileRef = DDA76F2B246D2BF400A0CCED /* CollectionViewCell.xib */; };
		DDA76F2F246D325000A0CCED /* CellDetailVC.swift in Sources */ = {isa = PBXBuildFile; fileRef = DDA76F2E246D325000A0CCED /* CellDetailVC.swift */; };
/* End PBXBuildFile section */

/* Begin PBXFileReference section */
		DD8482DA246D3CF600D379CF /* Cell.swift */ = {isa = PBXFileReference; lastKnownFileType = sourcecode.swift; path = Cell.swift; sourceTree = "<group>"; };
		DDA76F11246D29BB00A0CCED /* jsonPlaceHolderPhotos.app */ = {isa = PBXFileReference; explicitFileType = wrapper.application; includeInIndex = 0; path = jsonPlaceHolderPhotos.app; sourceTree = BUILT_PRODUCTS_DIR; };
		DDA76F14246D29BB00A0CCED /* AppDelegate.swift */ = {isa = PBXFileReference; lastKnownFileType = sourcecode.swift; path = AppDelegate.swift; sourceTree = "<group>"; };
		DDA76F16246D29BB00A0CCED /* SceneDelegate.swift */ = {isa = PBXFileReference; lastKnownFileType = sourcecode.swift; path = SceneDelegate.swift; sourceTree = "<group>"; };
		DDA76F18246D29BB00A0CCED /* ViewController.swift */ = {isa = PBXFileReference; lastKnownFileType = sourcecode.swift; path = ViewController.swift; sourceTree = "<group>"; };
		DDA76F1B246D29BB00A0CCED /* Base */ = {isa = PBXFileReference; lastKnownFileType = file.storyboard; name = Base; path = Base.lproj/Main.storyboard; sourceTree = "<group>"; };
		DDA76F1D246D29BC00A0CCED /* Assets.xcassets */ = {isa = PBXFileReference; lastKnownFileType = folder.assetcatalog; path = Assets.xcassets; sourceTree = "<group>"; };
		DDA76F20246D29BC00A0CCED /* Base */ = {isa = PBXFileReference; lastKnownFileType = file.storyboard; name = Base; path = Base.lproj/LaunchScreen.storyboard; sourceTree = "<group>"; };
		DDA76F22246D29BC00A0CCED /* Info.plist */ = {isa = PBXFileReference; lastKnownFileType = text.plist.xml; path = Info.plist; sourceTree = "<group>"; };
		DDA76F28246D2A0800A0CCED /* CollectionVC.swift */ = {isa = PBXFileReference; lastKnownFileType = sourcecode.swift; path = CollectionVC.swift; sourceTree = "<group>"; };
		DDA76F2A246D2BF400A0CCED /* CollectionViewCell.swift */ = {isa = PBXFileReference; lastKnownFileType = sourcecode.swift; path = CollectionViewCell.swift; sourceTree = "<group>"; };
		DDA76F2B246D2BF400A0CCED /* CollectionViewCell.xib */ = {isa = PBXFileReference; lastKnownFileType = file.xib; path = CollectionViewCell.xib; sourceTree = "<group>"; };
		DDA76F2E246D325000A0CCED /* CellDetailVC.swift */ = {isa = PBXFileReference; lastKnownFileType = sourcecode.swift; path = CellDetailVC.swift; sourceTree = "<group>"; };
/* End PBXFileReference section */

/* Begin PBXFrameworksBuildPhase section */
		DDA76F0E246D29BB00A0CCED /* Frameworks */ = {
			isa = PBXFrameworksBuildPhase;
			buildActionMask = 2147483647;
			files = (
			);
			runOnlyForDeploymentPostprocessing = 0;
		};
/* End PBXFrameworksBuildPhase section */

/* Begin PBXGroup section */
		DDA76F08246D29BA00A0CCED = {
			isa = PBXGroup;
			children = (
				DDA76F13246D29BB00A0CCED /* jsonPlaceHolderPhotos */,
				DDA76F12246D29BB00A0CCED /* Products */,
			);
			sourceTree = "<group>";
		};
		DDA76F12246D29BB00A0CCED /* Products */ = {
			isa = PBXGroup;
			children = (
				DDA76F11246D29BB00A0CCED /* jsonPlaceHolderPhotos.app */,
			);
			name = Products;
			sourceTree = "<group>";
		};
		DDA76F13246D29BB00A0CCED /* jsonPlaceHolderPhotos */ = {
			isa = PBXGroup;
			children = (
				DDA76F14246D29BB00A0CCED /* AppDelegate.swift */,
				DDA76F16246D29BB00A0CCED /* SceneDelegate.swift */,
				DDA76F1F246D29BC00A0CCED /* LaunchScreen.storyboard */,
				DDA76F1A246D29BB00A0CCED /* Main.storyboard */,
				DDA76F2B246D2BF400A0CCED /* CollectionViewCell.xib */,
				DDA76F18246D29BB00A0CCED /* ViewController.swift */,
				DDA76F28246D2A0800A0CCED /* CollectionVC.swift */,
				DDA76F2A246D2BF400A0CCED /* CollectionViewCell.swift */,
				DDA76F2E246D325000A0CCED /* CellDetailVC.swift */,
				DD8482DA246D3CF600D379CF /* Cell.swift */,
				DDA76F1D246D29BC00A0CCED /* Assets.xcassets */,
				DDA76F22246D29BC00A0CCED /* Info.plist */,
			);
			path = jsonPlaceHolderPhotos;
			sourceTree = "<group>";
		};
/* End PBXGroup section */

/* Begin PBXNativeTarget section */
		DDA76F10246D29BB00A0CCED /* jsonPlaceHolderPhotos */ = {
			isa = PBXNativeTarget;
			buildConfigurationList = DDA76F25246D29BC00A0CCED /* Build configuration list for PBXNativeTarget "jsonPlaceHolderPhotos" */;
			buildPhases = (
				DDA76F0D246D29BB00A0CCED /* Sources */,
				DDA76F0E246D29BB00A0CCED /* Frameworks */,
				DDA76F0F246D29BB00A0CCED /* Resources */,
			);
			buildRules = (
			);
			dependencies = (
			);
			name = jsonPlaceHolderPhotos;
			productName = jsonPlaceHolderPhotos;
			productReference = DDA76F11246D29BB00A0CCED /* jsonPlaceHolderPhotos.app */;
			productType = "com.apple.product-type.application";
		};
/* End PBXNativeTarget section */

/* Begin PBXProject section */
		DDA76F09246D29BA00A0CCED /* Project object */ = {
			isa = PBXProject;
			attributes = {
				LastSwiftUpdateCheck = 1140;
				LastUpgradeCheck = 1140;
				ORGANIZATIONNAME = "旌榮 凌";
				TargetAttributes = {
					DDA76F10246D29BB00A0CCED = {
						CreatedOnToolsVersion = 11.4;
					};
				};
			};
			buildConfigurationList = DDA76F0C246D29BA00A0CCED /* Build configuration list for PBXProject "jsonPlaceHolderPhotos" */;
			compatibilityVersion = "Xcode 9.3";
			developmentRegion = en;
			hasScannedForEncodings = 0;
			knownRegions = (
				en,
				Base,
			);
			mainGroup = DDA76F08246D29BA00A0CCED;
			productRefGroup = DDA76F12246D29BB00A0CCED /* Products */;
			projectDirPath = "";
			projectRoot = "";
			targets = (
				DDA76F10246D29BB00A0CCED /* jsonPlaceHolderPhotos */,
			);
		};
/* End PBXProject section */

/* Begin PBXResourcesBuildPhase section */
		DDA76F0F246D29BB00A0CCED /* Resources */ = {
			isa = PBXResourcesBuildPhase;
			buildActionMask = 2147483647;
			files = (
				DDA76F21246D29BC00A0CCED /* LaunchScreen.storyboard in Resources */,
				DDA76F1E246D29BC00A0CCED /* Assets.xcassets in Resources */,
				DDA76F2D246D2BF400A0CCED /* CollectionViewCell.xib in Resources */,
				DDA76F1C246D29BB00A0CCED /* Main.storyboard in Resources */,
			);
			runOnlyForDeploymentPostprocessing = 0;
		};
/* End PBXResourcesBuildPhase section */

/* Begin PBXSourcesBuildPhase section */
		DDA76F0D246D29BB00A0CCED /* Sources */ = {
			isa = PBXSourcesBuildPhase;
			buildActionMask = 2147483647;
			files = (
				DDA76F2C246D2BF400A0CCED /* CollectionViewCell.swift in Sources */,
				DDA76F19246D29BB00A0CCED /* ViewController.swift in Sources */,
				DD8482DB246D3CF600D379CF /* Cell.swift in Sources */,
				DDA76F15246D29BB00A0CCED /* AppDelegate.swift in Sources */,
				DDA76F2F246D325000A0CCED /* CellDetailVC.swift in Sources */,
				DDA76F29246D2A0800A0CCED /* CollectionVC.swift in Sources */,
				DDA76F17246D29BB00A0CCED /* SceneDelegate.swift in Sources */,
			);
			runOnlyForDeploymentPostprocessing = 0;
		};
/* End PBXSourcesBuildPhase section */

/* Begin PBXVariantGroup section */
		DDA76F1A246D29BB00A0CCED /* Main.storyboard */ = {
			isa = PBXVariantGroup;
			children = (
				DDA76F1B246D29BB00A0CCED /* Base */,
			);
			name = Main.storyboard;
			sourceTree = "<group>";
		};
		DDA76F1F246D29BC00A0CCED /* LaunchScreen.storyboard */ = {
			isa = PBXVariantGroup;
			children = (
				DDA76F20246D29BC00A0CCED /* Base */,
			);
			name = LaunchScreen.storyboard;
			sourceTree = "<group>";
		};
/* End PBXVariantGroup section */

/* Begin XCBuildConfiguration section */
		DDA76F23246D29BC00A0CCED /* Debug */ = {
			isa = XCBuildConfiguration;
			buildSettings = {
				ALWAYS_SEARCH_USER_PATHS = NO;
				CLANG_ANALYZER_NONNULL = YES;
				CLANG_ANALYZER_NUMBER_OBJECT_CONVERSION = YES_AGGRESSIVE;
				CLANG_CXX_LANGUAGE_STANDARD = "gnu++14";
				CLANG_CXX_LIBRARY = "libc++";
				CLANG_ENABLE_MODULES = YES;
				CLANG_ENABLE_OBJC_ARC = YES;
				CLANG_ENABLE_OBJC_WEAK = YES;
				CLANG_WARN_BLOCK_CAPTURE_AUTORELEASING = YES;
				CLANG_WARN_BOOL_CONVERSION = YES;
				CLANG_WARN_COMMA = YES;
				CLANG_WARN_CONSTANT_CONVERSION = YES;
				CLANG_WARN_DEPRECATED_OBJC_IMPLEMENTATIONS = YES;
				CLANG_WARN_DIRECT_OBJC_ISA_USAGE = YES_ERROR;
				CLANG_WARN_DOCUMENTATION_COMMENTS = YES;
				CLANG_WARN_EMPTY_BODY = YES;
				CLANG_WARN_ENUM_CONVERSION = YES;
				CLANG_WARN_INFINITE_RECURSION = YES;
				CLANG_WARN_INT_CONVERSION = YES;
				CLANG_WARN_NON_LITERAL_NULL_CONVERSION = YES;
				CLANG_WARN_OBJC_IMPLICIT_RETAIN_SELF = YES;
				CLANG_WARN_OBJC_LITERAL_CONVERSION = YES;
				CLANG_WARN_OBJC_ROOT_CLASS = YES_ERROR;
				CLANG_WARN_RANGE_LOOP_ANALYSIS = YES;
				CLANG_WARN_STRICT_PROTOTYPES = YES;
				CLANG_WARN_SUSPICIOUS_MOVE = YES;
				CLANG_WARN_UNGUARDED_AVAILABILITY = YES_AGGRESSIVE;
				CLANG_WARN_UNREACHABLE_CODE = YES;
				CLANG_WARN__DUPLICATE_METHOD_MATCH = YES;
				COPY_PHASE_STRIP = NO;
				DEBUG_INFORMATION_FORMAT = dwarf;
				ENABLE_STRICT_OBJC_MSGSEND = YES;
				ENABLE_TESTABILITY = YES;
				GCC_C_LANGUAGE_STANDARD = gnu11;
				GCC_DYNAMIC_NO_PIC = NO;
				GCC_NO_COMMON_BLOCKS = YES;
				GCC_OPTIMIZATION_LEVEL = 0;
				GCC_PREPROCESSOR_DEFINITIONS = (
					"DEBUG=1",
					"$(inherited)",
				);
				GCC_WARN_64_TO_32_BIT_CONVERSION = YES;
				GCC_WARN_ABOUT_RETURN_TYPE = YES_ERROR;
				GCC_WARN_UNDECLARED_SELECTOR = YES;
				GCC_WARN_UNINITIALIZED_AUTOS = YES_AGGRESSIVE;
				GCC_WARN_UNUSED_FUNCTION = YES;
				GCC_WARN_UNUSED_VARIABLE = YES;
				IPHONEOS_DEPLOYMENT_TARGET = 13.4;
				MTL_ENABLE_DEBUG_INFO = INCLUDE_SOURCE;
				MTL_FAST_MATH = YES;
				ONLY_ACTIVE_ARCH = YES;
				SDKROOT = iphoneos;
				SWIFT_ACTIVE_COMPILATION_CONDITIONS = DEBUG;
				SWIFT_OPTIMIZATION_LEVEL = "-Onone";
			};
			name = Debug;
		};
		DDA76F24246D29BC00A0CCED /* Release */ = {
			isa = XCBuildConfiguration;
			buildSettings = {
				ALWAYS_SEARCH_USER_PATHS = NO;
				CLANG_ANALYZER_NONNULL = YES;
				CLANG_ANALYZER_NUMBER_OBJECT_CONVERSION = YES_AGGRESSIVE;
				CLANG_CXX_LANGUAGE_STANDARD = "gnu++14";
				CLANG_CXX_LIBRARY = "libc++";
				CLANG_ENABLE_MODULES = YES;
				CLANG_ENABLE_OBJC_ARC = YES;
				CLANG_ENABLE_OBJC_WEAK = YES;
				CLANG_WARN_BLOCK_CAPTURE_AUTORELEASING = YES;
				CLANG_WARN_BOOL_CONVERSION = YES;
				CLANG_WARN_COMMA = YES;
				CLANG_WARN_CONSTANT_CONVERSION = YES;
				CLANG_WARN_DEPRECATED_OBJC_IMPLEMENTATIONS = YES;
				CLANG_WARN_DIRECT_OBJC_ISA_USAGE = YES_ERROR;
				CLANG_WARN_DOCUMENTATION_COMMENTS = YES;
				CLANG_WARN_EMPTY_BODY = YES;
				CLANG_WARN_ENUM_CONVERSION = YES;
				CLANG_WARN_INFINITE_RECURSION = YES;
				CLANG_WARN_INT_CONVERSION = YES;
				CLANG_WARN_NON_LITERAL_NULL_CONVERSION = YES;
				CLANG_WARN_OBJC_IMPLICIT_RETAIN_SELF = YES;
				CLANG_WARN_OBJC_LITERAL_CONVERSION = YES;
				CLANG_WARN_OBJC_ROOT_CLASS = YES_ERROR;
				CLANG_WARN_RANGE_LOOP_ANALYSIS = YES;
				CLANG_WARN_STRICT_PROTOTYPES = YES;
				CLANG_WARN_SUSPICIOUS_MOVE = YES;
				CLANG_WARN_UNGUARDED_AVAILABILITY = YES_AGGRESSIVE;
				CLANG_WARN_UNREACHABLE_CODE = YES;
				CLANG_WARN__DUPLICATE_METHOD_MATCH = YES;
				COPY_PHASE_STRIP = NO;
				DEBUG_INFORMATION_FORMAT = "dwarf-with-dsym";
				ENABLE_NS_ASSERTIONS = NO;
				ENABLE_STRICT_OBJC_MSGSEND = YES;
				GCC_C_LANGUAGE_STANDARD = gnu11;
				GCC_NO_COMMON_BLOCKS = YES;
				GCC_WARN_64_TO_32_BIT_CONVERSION = YES;
				GCC_WARN_ABOUT_RETURN_TYPE = YES_ERROR;
				GCC_WARN_UNDECLARED_SELECTOR = YES;
				GCC_WARN_UNINITIALIZED_AUTOS = YES_AGGRESSIVE;
				GCC_WARN_UNUSED_FUNCTION = YES;
				GCC_WARN_UNUSED_VARIABLE = YES;
				IPHONEOS_DEPLOYMENT_TARGET = 13.4;
				MTL_ENABLE_DEBUG_INFO = NO;
				MTL_FAST_MATH = YES;
				SDKROOT = iphoneos;
				SWIFT_COMPILATION_MODE = wholemodule;
				SWIFT_OPTIMIZATION_LEVEL = "-O";
				VALIDATE_PRODUCT = YES;
			};
			name = Release;
		};
		DDA76F26246D29BC00A0CCED /* Debug */ = {
			isa = XCBuildConfiguration;
			buildSettings = {
				ASSETCATALOG_COMPILER_APPICON_NAME = AppIcon;
				CODE_SIGN_STYLE = Automatic;
				DEVELOPMENT_TEAM = 75Z834AYX6;
				INFOPLIST_FILE = jsonPlaceHolderPhotos/Info.plist;
				IPHONEOS_DEPLOYMENT_TARGET = 13.2;
				LD_RUNPATH_SEARCH_PATHS = (
					"$(inherited)",
					"@executable_path/Frameworks",
				);
				PRODUCT_BUNDLE_IDENTIFIER = own.jsonPlaceHolderPhotos;
				PRODUCT_NAME = "$(TARGET_NAME)";
				SWIFT_VERSION = 5.0;
				TARGETED_DEVICE_FAMILY = "1,2";
			};
			name = Debug;
		};
		DDA76F27246D29BC00A0CCED /* Release */ = {
			isa = XCBuildConfiguration;
			buildSettings = {
				ASSETCATALOG_COMPILER_APPICON_NAME = AppIcon;
				CODE_SIGN_STYLE = Automatic;
				DEVELOPMENT_TEAM = 75Z834AYX6;
				INFOPLIST_FILE = jsonPlaceHolderPhotos/Info.plist;
				IPHONEOS_DEPLOYMENT_TARGET = 13.2;
				LD_RUNPATH_SEARCH_PATHS = (
					"$(inherited)",
					"@executable_path/Frameworks",
				);
				PRODUCT_BUNDLE_IDENTIFIER = own.jsonPlaceHolderPhotos;
				PRODUCT_NAME = "$(TARGET_NAME)";
				SWIFT_VERSION = 5.0;
				TARGETED_DEVICE_FAMILY = "1,2";
			};
			name = Release;
		};
/* End XCBuildConfiguration section */

/* Begin XCConfigurationList section */
		DDA76F0C246D29BA00A0CCED /* Build configuration list for PBXProject "jsonPlaceHolderPhotos" */ = {
			isa = XCConfigurationList;
			buildConfigurations = (
				DDA76F23246D29BC00A0CCED /* Debug */,
				DDA76F24246D29BC00A0CCED /* Release */,
			);
			defaultConfigurationIsVisible = 0;
			defaultConfigurationName = Release;
		};
		DDA76F25246D29BC00A0CCED /* Build configuration list for PBXNativeTarget "jsonPlaceHolderPhotos" */ = {
			isa = XCConfigurationList;
			buildConfigurations = (
				DDA76F26246D29BC00A0CCED /* Debug */,
				DDA76F27246D29BC00A0CCED /* Release */,
			);
			defaultConfigurationIsVisible = 0;
			defaultConfigurationName = Release;
		};
/* End XCConfigurationList section */
	};
	rootObject = DDA76F09246D29BA00A0CCED /* Project object */;
}
